// !$*UTF8*$!
{
	archiveVersion = 1;
	classes = {
	};
	objectVersion = 50;
	objects = {

/* Begin PBXBuildFile section */
		E0C87ECA265310820081037C /* AppDelegate.swift in Sources */ = {isa = PBXBuildFile; fileRef = E0C87EC9265310820081037C /* AppDelegate.swift */; };
		E0C87ECC265310820081037C /* SceneDelegate.swift in Sources */ = {isa = PBXBuildFile; fileRef = E0C87ECB265310820081037C /* SceneDelegate.swift */; };
		E0C87ECE265310820081037C /* ContentView.swift in Sources */ = {isa = PBXBuildFile; fileRef = E0C87ECD265310820081037C /* ContentView.swift */; };
		E0C87ED1265310820081037C /* SnowSeeker.xcdatamodeld in Sources */ = {isa = PBXBuildFile; fileRef = E0C87ECF265310820081037C /* SnowSeeker.xcdatamodeld */; };
		E0C87ED3265310830081037C /* Assets.xcassets in Resources */ = {isa = PBXBuildFile; fileRef = E0C87ED2265310830081037C /* Assets.xcassets */; };
		E0C87ED6265310830081037C /* Preview Assets.xcassets in Resources */ = {isa = PBXBuildFile; fileRef = E0C87ED5265310830081037C /* Preview Assets.xcassets */; };
		E0C87ED9265310830081037C /* LaunchScreen.storyboard in Resources */ = {isa = PBXBuildFile; fileRef = E0C87ED7265310830081037C /* LaunchScreen.storyboard */; };
		E0F514AE2654188700E50330 /* resorts.json in Resources */ = {isa = PBXBuildFile; fileRef = E0F514AD2654188700E50330 /* resorts.json */; };
		E0F514B0265418DA00E50330 /* resort.swift in Sources */ = {isa = PBXBuildFile; fileRef = E0F514AF265418DA00E50330 /* resort.swift */; };
		E0F514B2265419D800E50330 /* Bundle-Decodable.swift in Sources */ = {isa = PBXBuildFile; fileRef = E0F514B1265419D800E50330 /* Bundle-Decodable.swift */; };
		E0F514B42654214000E50330 /* WelcomeView.swift in Sources */ = {isa = PBXBuildFile; fileRef = E0F514B32654214000E50330 /* WelcomeView.swift */; };
		E0F514B62654230600E50330 /* ResortView.swift in Sources */ = {isa = PBXBuildFile; fileRef = E0F514B52654230600E50330 /* ResortView.swift */; };
		E0F514B8265424AA00E50330 /* SkiDetailsView.swift in Sources */ = {isa = PBXBuildFile; fileRef = E0F514B7265424AA00E50330 /* SkiDetailsView.swift */; };
		E0F514BA2654251F00E50330 /* ResortDetailsView.swift in Sources */ = {isa = PBXBuildFile; fileRef = E0F514B92654251F00E50330 /* ResortDetailsView.swift */; };
		E0F514BE26542F5900E50330 /* Facility.swift in Sources */ = {isa = PBXBuildFile; fileRef = E0F514BD26542F5900E50330 /* Facility.swift */; };
		E0F514C02654375000E50330 /* Favorites.swift in Sources */ = {isa = PBXBuildFile; fileRef = E0F514BF2654375000E50330 /* Favorites.swift */; };
		E0F514C2265484BA00E50330 /* SettingsView.swift in Sources */ = {isa = PBXBuildFile; fileRef = E0F514C1265484BA00E50330 /* SettingsView.swift */; };
/* End PBXBuildFile section */

/* Begin PBXFileReference section */
		E0C87EC6265310820081037C /* SnowSeeker.app */ = {isa = PBXFileReference; explicitFileType = wrapper.application; includeInIndex = 0; path = SnowSeeker.app; sourceTree = BUILT_PRODUCTS_DIR; };
		E0C87EC9265310820081037C /* AppDelegate.swift */ = {isa = PBXFileReference; lastKnownFileType = sourcecode.swift; path = AppDelegate.swift; sourceTree = "<group>"; };
		E0C87ECB265310820081037C /* SceneDelegate.swift */ = {isa = PBXFileReference; lastKnownFileType = sourcecode.swift; path = SceneDelegate.swift; sourceTree = "<group>"; };
		E0C87ECD265310820081037C /* ContentView.swift */ = {isa = PBXFileReference; lastKnownFileType = sourcecode.swift; path = ContentView.swift; sourceTree = "<group>"; };
		E0C87ED0265310820081037C /* SnowSeeker.xcdatamodel */ = {isa = PBXFileReference; lastKnownFileType = wrapper.xcdatamodel; path = SnowSeeker.xcdatamodel; sourceTree = "<group>"; };
		E0C87ED2265310830081037C /* Assets.xcassets */ = {isa = PBXFileReference; lastKnownFileType = folder.assetcatalog; path = Assets.xcassets; sourceTree = "<group>"; };
		E0C87ED5265310830081037C /* Preview Assets.xcassets */ = {isa = PBXFileReference; lastKnownFileType = folder.assetcatalog; path = "Preview Assets.xcassets"; sourceTree = "<group>"; };
		E0C87ED8265310830081037C /* Base */ = {isa = PBXFileReference; lastKnownFileType = file.storyboard; name = Base; path = Base.lproj/LaunchScreen.storyboard; sourceTree = "<group>"; };
		E0C87EDA265310830081037C /* Info.plist */ = {isa = PBXFileReference; lastKnownFileType = text.plist.xml; path = Info.plist; sourceTree = "<group>"; };
		E0F514AD2654188700E50330 /* resorts.json */ = {isa = PBXFileReference; fileEncoding = 4; lastKnownFileType = text.json; path = resorts.json; sourceTree = "<group>"; };
		E0F514AF265418DA00E50330 /* resort.swift */ = {isa = PBXFileReference; lastKnownFileType = sourcecode.swift; path = resort.swift; sourceTree = "<group>"; };
		E0F514B1265419D800E50330 /* Bundle-Decodable.swift */ = {isa = PBXFileReference; lastKnownFileType = sourcecode.swift; path = "Bundle-Decodable.swift"; sourceTree = "<group>"; };
		E0F514B32654214000E50330 /* WelcomeView.swift */ = {isa = PBXFileReference; lastKnownFileType = sourcecode.swift; path = WelcomeView.swift; sourceTree = "<group>"; };
		E0F514B52654230600E50330 /* ResortView.swift */ = {isa = PBXFileReference; lastKnownFileType = sourcecode.swift; path = ResortView.swift; sourceTree = "<group>"; };
		E0F514B7265424AA00E50330 /* SkiDetailsView.swift */ = {isa = PBXFileReference; lastKnownFileType = sourcecode.swift; path = SkiDetailsView.swift; sourceTree = "<group>"; };
		E0F514B92654251F00E50330 /* ResortDetailsView.swift */ = {isa = PBXFileReference; lastKnownFileType = sourcecode.swift; path = ResortDetailsView.swift; sourceTree = "<group>"; };
		E0F514BD26542F5900E50330 /* Facility.swift */ = {isa = PBXFileReference; lastKnownFileType = sourcecode.swift; path = Facility.swift; sourceTree = "<group>"; };
		E0F514BF2654375000E50330 /* Favorites.swift */ = {isa = PBXFileReference; lastKnownFileType = sourcecode.swift; path = Favorites.swift; sourceTree = "<group>"; };
		E0F514C1265484BA00E50330 /* SettingsView.swift */ = {isa = PBXFileReference; lastKnownFileType = sourcecode.swift; path = SettingsView.swift; sourceTree = "<group>"; };
/* End PBXFileReference section */

/* Begin PBXFrameworksBuildPhase section */
		E0C87EC3265310820081037C /* Frameworks */ = {
			isa = PBXFrameworksBuildPhase;
			buildActionMask = 2147483647;
			files = (
			);
			runOnlyForDeploymentPostprocessing = 0;
		};
/* End PBXFrameworksBuildPhase section */

/* Begin PBXGroup section */
		E0C87EBD265310820081037C = {
			isa = PBXGroup;
			children = (
				E0C87EC8265310820081037C /* SnowSeeker */,
				E0C87EC7265310820081037C /* Products */,
			);
			sourceTree = "<group>";
		};
		E0C87EC7265310820081037C /* Products */ = {
			isa = PBXGroup;
			children = (
				E0C87EC6265310820081037C /* SnowSeeker.app */,
			);
			name = Products;
			sourceTree = "<group>";
		};
		E0C87EC8265310820081037C /* SnowSeeker */ = {
			isa = PBXGroup;
			children = (
				E0C87EC9265310820081037C /* AppDelegate.swift */,
				E0C87ECB265310820081037C /* SceneDelegate.swift */,
				E0C87ECD265310820081037C /* ContentView.swift */,
				E0F514C1265484BA00E50330 /* SettingsView.swift */,
				E0F514B7265424AA00E50330 /* SkiDetailsView.swift */,
				E0F514B92654251F00E50330 /* ResortDetailsView.swift */,
				E0F514B52654230600E50330 /* ResortView.swift */,
				E0F514B32654214000E50330 /* WelcomeView.swift */,
				E0F514BD26542F5900E50330 /* Facility.swift */,
				E0F514BF2654375000E50330 /* Favorites.swift */,
				E0C87ED2265310830081037C /* Assets.xcassets */,
				E0F514AD2654188700E50330 /* resorts.json */,
				E0F514B1265419D800E50330 /* Bundle-Decodable.swift */,
				E0F514AF265418DA00E50330 /* resort.swift */,
				E0C87ED7265310830081037C /* LaunchScreen.storyboard */,
				E0C87EDA265310830081037C /* Info.plist */,
				E0C87ECF265310820081037C /* SnowSeeker.xcdatamodeld */,
				E0C87ED4265310830081037C /* Preview Content */,
			);
			path = SnowSeeker;
			sourceTree = "<group>";
		};
		E0C87ED4265310830081037C /* Preview Content */ = {
			isa = PBXGroup;
			children = (
				E0C87ED5265310830081037C /* Preview Assets.xcassets */,
			);
			path = "Preview Content";
			sourceTree = "<group>";
		};
/* End PBXGroup section */

/* Begin PBXNativeTarget section */
		E0C87EC5265310820081037C /* SnowSeeker */ = {
			isa = PBXNativeTarget;
			buildConfigurationList = E0C87EDD265310830081037C /* Build configuration list for PBXNativeTarget "SnowSeeker" */;
			buildPhases = (
				E0C87EC2265310820081037C /* Sources */,
				E0C87EC3265310820081037C /* Frameworks */,
				E0C87EC4265310820081037C /* Resources */,
			);
			buildRules = (
			);
			dependencies = (
			);
			name = SnowSeeker;
			productName = SnowSeeker;
			productReference = E0C87EC6265310820081037C /* SnowSeeker.app */;
			productType = "com.apple.product-type.application";
		};
/* End PBXNativeTarget section */

/* Begin PBXProject section */
		E0C87EBE265310820081037C /* Project object */ = {
			isa = PBXProject;
			attributes = {
				LastSwiftUpdateCheck = 1250;
				LastUpgradeCheck = 1250;
				TargetAttributes = {
					E0C87EC5265310820081037C = {
						CreatedOnToolsVersion = 12.5;
					};
				};
			};
			buildConfigurationList = E0C87EC1265310820081037C /* Build configuration list for PBXProject "SnowSeeker" */;
			compatibilityVersion = "Xcode 9.3";
			developmentRegion = en;
			hasScannedForEncodings = 0;
			knownRegions = (
				en,
				Base,
			);
			mainGroup = E0C87EBD265310820081037C;
			productRefGroup = E0C87EC7265310820081037C /* Products */;
			projectDirPath = "";
			projectRoot = "";
			targets = (
				E0C87EC5265310820081037C /* SnowSeeker */,
			);
		};
/* End PBXProject section */

/* Begin PBXResourcesBuildPhase section */
		E0C87EC4265310820081037C /* Resources */ = {
			isa = PBXResourcesBuildPhase;
			buildActionMask = 2147483647;
			files = (
				E0C87ED9265310830081037C /* LaunchScreen.storyboard in Resources */,
				E0C87ED6265310830081037C /* Preview Assets.xcassets in Resources */,
				E0F514AE2654188700E50330 /* resorts.json in Resources */,
				E0C87ED3265310830081037C /* Assets.xcassets in Resources */,
			);
			runOnlyForDeploymentPostprocessing = 0;
		};
/* End PBXResourcesBuildPhase section */

/* Begin PBXSourcesBuildPhase section */
		E0C87EC2265310820081037C /* Sources */ = {
			isa = PBXSourcesBuildPhase;
			buildActionMask = 2147483647;
			files = (
				E0F514BA2654251F00E50330 /* ResortDetailsView.swift in Sources */,
				E0C87ECA265310820081037C /* AppDelegate.swift in Sources */,
				E0F514BE26542F5900E50330 /* Facility.swift in Sources */,
				E0F514B0265418DA00E50330 /* resort.swift in Sources */,
				E0C87ED1265310820081037C /* SnowSeeker.xcdatamodeld in Sources */,
				E0C87ECC265310820081037C /* SceneDelegate.swift in Sources */,
				E0F514B8265424AA00E50330 /* SkiDetailsView.swift in Sources */,
				E0C87ECE265310820081037C /* ContentView.swift in Sources */,
				E0F514B62654230600E50330 /* ResortView.swift in Sources */,
				E0F514C02654375000E50330 /* Favorites.swift in Sources */,
				E0F514B2265419D800E50330 /* Bundle-Decodable.swift in Sources */,
				E0F514B42654214000E50330 /* WelcomeView.swift in Sources */,
				E0F514C2265484BA00E50330 /* SettingsView.swift in Sources */,
			);
			runOnlyForDeploymentPostprocessing = 0;
		};
/* End PBXSourcesBuildPhase section */

/* Begin PBXVariantGroup section */
		E0C87ED7265310830081037C /* LaunchScreen.storyboard */ = {
			isa = PBXVariantGroup;
			children = (
				E0C87ED8265310830081037C /* Base */,
			);
			name = LaunchScreen.storyboard;
			sourceTree = "<group>";
		};
/* End PBXVariantGroup section */

/* Begin XCBuildConfiguration section */
		E0C87EDB265310830081037C /* Debug */ = {
			isa = XCBuildConfiguration;
			buildSettings = {
				ALWAYS_SEARCH_USER_PATHS = NO;
				CLANG_ANALYZER_NONNULL = YES;
				CLANG_ANALYZER_NUMBER_OBJECT_CONVERSION = YES_AGGRESSIVE;
				CLANG_CXX_LANGUAGE_STANDARD = "gnu++14";
				CLANG_CXX_LIBRARY = "libc++";
				CLANG_ENABLE_MODULES = YES;
				CLANG_ENABLE_OBJC_ARC = YES;
				CLANG_ENABLE_OBJC_WEAK = YES;
				CLANG_WARN_BLOCK_CAPTURE_AUTORELEASING = YES;
				CLANG_WARN_BOOL_CONVERSION = YES;
				CLANG_WARN_COMMA = YES;
				CLANG_WARN_CONSTANT_CONVERSION = YES;
				CLANG_WARN_DEPRECATED_OBJC_IMPLEMENTATIONS = YES;
				CLANG_WARN_DIRECT_OBJC_ISA_USAGE = YES_ERROR;
				CLANG_WARN_DOCUMENTATION_COMMENTS = YES;
				CLANG_WARN_EMPTY_BODY = YES;
				CLANG_WARN_ENUM_CONVERSION = YES;
				CLANG_WARN_INFINITE_RECURSION = YES;
				CLANG_WARN_INT_CONVERSION = YES;
				CLANG_WARN_NON_LITERAL_NULL_CONVERSION = YES;
				CLANG_WARN_OBJC_IMPLICIT_RETAIN_SELF = YES;
				CLANG_WARN_OBJC_LITERAL_CONVERSION = YES;
				CLANG_WARN_OBJC_ROOT_CLASS = YES_ERROR;
				CLANG_WARN_QUOTED_INCLUDE_IN_FRAMEWORK_HEADER = YES;
				CLANG_WARN_RANGE_LOOP_ANALYSIS = YES;
				CLANG_WARN_STRICT_PROTOTYPES = YES;
				CLANG_WARN_SUSPICIOUS_MOVE = YES;
				CLANG_WARN_UNGUARDED_AVAILABILITY = YES_AGGRESSIVE;
				CLANG_WARN_UNREACHABLE_CODE = YES;
				CLANG_WARN__DUPLICATE_METHOD_MATCH = YES;
				COPY_PHASE_STRIP = NO;
				DEBUG_INFORMATION_FORMAT = dwarf;
				ENABLE_STRICT_OBJC_MSGSEND = YES;
				ENABLE_TESTABILITY = YES;
				GCC_C_LANGUAGE_STANDARD = gnu11;
				GCC_DYNAMIC_NO_PIC = NO;
				GCC_NO_COMMON_BLOCKS = YES;
				GCC_OPTIMIZATION_LEVEL = 0;
				GCC_PREPROCESSOR_DEFINITIONS = (
					"DEBUG=1",
					"$(inherited)",
				);
				GCC_WARN_64_TO_32_BIT_CONVERSION = YES;
				GCC_WARN_ABOUT_RETURN_TYPE = YES_ERROR;
				GCC_WARN_UNDECLARED_SELECTOR = YES;
				GCC_WARN_UNINITIALIZED_AUTOS = YES_AGGRESSIVE;
				GCC_WARN_UNUSED_FUNCTION = YES;
				GCC_WARN_UNUSED_VARIABLE = YES;
				IPHONEOS_DEPLOYMENT_TARGET = 14.5;
				MTL_ENABLE_DEBUG_INFO = INCLUDE_SOURCE;
				MTL_FAST_MATH = YES;
				ONLY_ACTIVE_ARCH = YES;
				SDKROOT = iphoneos;
				SWIFT_ACTIVE_COMPILATION_CONDITIONS = DEBUG;
				SWIFT_OPTIMIZATION_LEVEL = "-Onone";
			};
			name = Debug;
		};
		E0C87EDC265310830081037C /* Release */ = {
			isa = XCBuildConfiguration;
			buildSettings = {
				ALWAYS_SEARCH_USER_PATHS = NO;
				CLANG_ANALYZER_NONNULL = YES;
				CLANG_ANALYZER_NUMBER_OBJECT_CONVERSION = YES_AGGRESSIVE;
				CLANG_CXX_LANGUAGE_STANDARD = "gnu++14";
				CLANG_CXX_LIBRARY = "libc++";
				CLANG_ENABLE_MODULES = YES;
				CLANG_ENABLE_OBJC_ARC = YES;
				CLANG_ENABLE_OBJC_WEAK = YES;
				CLANG_WARN_BLOCK_CAPTURE_AUTORELEASING = YES;
				CLANG_WARN_BOOL_CONVERSION = YES;
				CLANG_WARN_COMMA = YES;
				CLANG_WARN_CONSTANT_CONVERSION = YES;
				CLANG_WARN_DEPRECATED_OBJC_IMPLEMENTATIONS = YES;
				CLANG_WARN_DIRECT_OBJC_ISA_USAGE = YES_ERROR;
				CLANG_WARN_DOCUMENTATION_COMMENTS = YES;
				CLANG_WARN_EMPTY_BODY = YES;
				CLANG_WARN_ENUM_CONVERSION = YES;
				CLANG_WARN_INFINITE_RECURSION = YES;
				CLANG_WARN_INT_CONVERSION = YES;
				CLANG_WARN_NON_LITERAL_NULL_CONVERSION = YES;
				CLANG_WARN_OBJC_IMPLICIT_RETAIN_SELF = YES;
				CLANG_WARN_OBJC_LITERAL_CONVERSION = YES;
				CLANG_WARN_OBJC_ROOT_CLASS = YES_ERROR;
				CLANG_WARN_QUOTED_INCLUDE_IN_FRAMEWORK_HEADER = YES;
				CLANG_WARN_RANGE_LOOP_ANALYSIS = YES;
				CLANG_WARN_STRICT_PROTOTYPES = YES;
				CLANG_WARN_SUSPICIOUS_MOVE = YES;
				CLANG_WARN_UNGUARDED_AVAILABILITY = YES_AGGRESSIVE;
				CLANG_WARN_UNREACHABLE_CODE = YES;
				CLANG_WARN__DUPLICATE_METHOD_MATCH = YES;
				COPY_PHASE_STRIP = NO;
				DEBUG_INFORMATION_FORMAT = "dwarf-with-dsym";
				ENABLE_NS_ASSERTIONS = NO;
				ENABLE_STRICT_OBJC_MSGSEND = YES;
				GCC_C_LANGUAGE_STANDARD = gnu11;
				GCC_NO_COMMON_BLOCKS = YES;
				GCC_WARN_64_TO_32_BIT_CONVERSION = YES;
				GCC_WARN_ABOUT_RETURN_TYPE = YES_ERROR;
				GCC_WARN_UNDECLARED_SELECTOR = YES;
				GCC_WARN_UNINITIALIZED_AUTOS = YES_AGGRESSIVE;
				GCC_WARN_UNUSED_FUNCTION = YES;
				GCC_WARN_UNUSED_VARIABLE = YES;
				IPHONEOS_DEPLOYMENT_TARGET = 14.5;
				MTL_ENABLE_DEBUG_INFO = NO;
				MTL_FAST_MATH = YES;
				SDKROOT = iphoneos;
				SWIFT_COMPILATION_MODE = wholemodule;
				SWIFT_OPTIMIZATION_LEVEL = "-O";
				VALIDATE_PRODUCT = YES;
			};
			name = Release;
		};
		E0C87EDE265310830081037C /* Debug */ = {
			isa = XCBuildConfiguration;
			buildSettings = {
				ASSETCATALOG_COMPILER_APPICON_NAME = AppIcon;
				ASSETCATALOG_COMPILER_GLOBAL_ACCENT_COLOR_NAME = AccentColor;
				CODE_SIGN_STYLE = Automatic;
				DEVELOPMENT_ASSET_PATHS = "\"SnowSeeker/Preview Content\"";
				ENABLE_PREVIEWS = YES;
				INFOPLIST_FILE = SnowSeeker/Info.plist;
				LD_RUNPATH_SEARCH_PATHS = (
					"$(inherited)",
					"@executable_path/Frameworks",
				);
				PRODUCT_BUNDLE_IDENTIFIER = com.pizzagreven.SnowSeeker;
				PRODUCT_NAME = "$(TARGET_NAME)";
				SWIFT_VERSION = 5.0;
				TARGETED_DEVICE_FAMILY = "1,2";
			};
			name = Debug;
		};
		E0C87EDF265310830081037C /* Release */ = {
			isa = XCBuildConfiguration;
			buildSettings = {
				ASSETCATALOG_COMPILER_APPICON_NAME = AppIcon;
				ASSETCATALOG_COMPILER_GLOBAL_ACCENT_COLOR_NAME = AccentColor;
				CODE_SIGN_STYLE = Automatic;
				DEVELOPMENT_ASSET_PATHS = "\"SnowSeeker/Preview Content\"";
				ENABLE_PREVIEWS = YES;
				INFOPLIST_FILE = SnowSeeker/Info.plist;
				LD_RUNPATH_SEARCH_PATHS = (
					"$(inherited)",
					"@executable_path/Frameworks",
				);
				PRODUCT_BUNDLE_IDENTIFIER = com.pizzagreven.SnowSeeker;
				PRODUCT_NAME = "$(TARGET_NAME)";
				SWIFT_VERSION = 5.0;
				TARGETED_DEVICE_FAMILY = "1,2";
			};
			name = Release;
		};
/* End XCBuildConfiguration section */

/* Begin XCConfigurationList section */
		E0C87EC1265310820081037C /* Build configuration list for PBXProject "SnowSeeker" */ = {
			isa = XCConfigurationList;
			buildConfigurations = (
				E0C87EDB265310830081037C /* Debug */,
				E0C87EDC265310830081037C /* Release */,
			);
			defaultConfigurationIsVisible = 0;
			defaultConfigurationName = Release;
		};
		E0C87EDD265310830081037C /* Build configuration list for PBXNativeTarget "SnowSeeker" */ = {
			isa = XCConfigurationList;
			buildConfigurations = (
				E0C87EDE265310830081037C /* Debug */,
				E0C87EDF265310830081037C /* Release */,
			);
			defaultConfigurationIsVisible = 0;
			defaultConfigurationName = Release;
		};
/* End XCConfigurationList section */

/* Begin XCVersionGroup section */
		E0C87ECF265310820081037C /* SnowSeeker.xcdatamodeld */ = {
			isa = XCVersionGroup;
			children = (
				E0C87ED0265310820081037C /* SnowSeeker.xcdatamodel */,
			);
			currentVersion = E0C87ED0265310820081037C /* SnowSeeker.xcdatamodel */;
			path = SnowSeeker.xcdatamodeld;
			sourceTree = "<group>";
			versionGroupType = wrapper.xcdatamodel;
		};
/* End XCVersionGroup section */
	};
	rootObject = E0C87EBE265310820081037C /* Project object */;
}
